
Microsoft Visual Studio Solution File, Format Version 12.00
# Visual Studio Version 18
VisualStudioVersion = 18.0.11222.15 d18.0
MinimumVisualStudioVersion = 10.0.40219.1
Project("{F184B08F-C81C-45F6-A57F-5ABD9991F28F}") = "FatecAccess", "FatecAccess.vbproj", "{1B02438C-1ABA-4041-BABE-5184FAAFC2C2}"
EndProject
Global
	GlobalSection(SolutionConfigurationPlatforms) = preSolution
		Debug|Any CPU = Debug|Any CPU
		Release|Any CPU = Release|Any CPU
	EndGlobalSection
	GlobalSection(ProjectConfigurationPlatforms) = postSolution
		{1B02438C-1ABA-4041-BABE-5184FAAFC2C2}.Debug|Any CPU.ActiveCfg = Debug|Any CPU
		{1B02438C-1ABA-4041-BABE-5184FAAFC2C2}.Debug|Any CPU.Build.0 = Debug|Any CPU
		{1B02438C-1ABA-4041-BABE-5184FAAFC2C2}.Release|Any CPU.ActiveCfg = Release|Any CPU
		{1B02438C-1ABA-4041-BABE-5184FAAFC2C2}.Release|Any CPU.Build.0 = Release|Any CPU
	EndGlobalSection
	GlobalSection(SolutionProperties) = preSolution
		HideSolutionNode = FALSE
	EndGlobalSection
	GlobalSection(ExtensibilityGlobals) = postSolution
		SolutionGuid = {070FE8F5-41E4-484F-BC9E-4A043B3852B1}
	EndGlobalSection
EndGlobal
